
Microsoft Visual Studio Solution File, Format Version 12.00
# Visual Studio 15
VisualStudioVersion = 15.0.28307.572
MinimumVisualStudioVersion = 10.0.40219.1
Project("{FAE04EC0-301F-11D3-BF4B-00C04F79EFBC}") = "InternetShopModel", "InternetShopModel\InternetShopModel.csproj", "{5EFB8252-0125-4F87-BBA8-E97F0DF6890E}"
EndProject
Project("{FAE04EC0-301F-11D3-BF4B-00C04F79EFBC}") = "InternetShopServiceDAL", "InternetShopServiceDAL\InternetShopServiceDAL.csproj", "{AC266A41-1A11-476C-9DF8-7E60ACB40E1D}"
EndProject
Project("{FAE04EC0-301F-11D3-BF4B-00C04F79EFBC}") = "InternetShopImplementations", "InternetShopImplementations\InternetShopImplementations.csproj", "{CF668FA1-6FCE-43B9-AF54-32656E3FEF39}"
EndProject
Project("{FAE04EC0-301F-11D3-BF4B-00C04F79EFBC}") = "InternetShopWeb", "InternetShopWeb\InternetShopWeb.csproj", "{5BA51566-E3A4-4469-98E0-30127E205B91}"
EndProject
Global
	GlobalSection(SolutionConfigurationPlatforms) = preSolution
		Debug|Any CPU = Debug|Any CPU
		Release|Any CPU = Release|Any CPU
	EndGlobalSection
	GlobalSection(ProjectConfigurationPlatforms) = postSolution
		{5EFB8252-0125-4F87-BBA8-E97F0DF6890E}.Debug|Any CPU.ActiveCfg = Debug|Any CPU
		{5EFB8252-0125-4F87-BBA8-E97F0DF6890E}.Debug|Any CPU.Build.0 = Debug|Any CPU
		{5EFB8252-0125-4F87-BBA8-E97F0DF6890E}.Release|Any CPU.ActiveCfg = Release|Any CPU
		{5EFB8252-0125-4F87-BBA8-E97F0DF6890E}.Release|Any CPU.Build.0 = Release|Any CPU
		{AC266A41-1A11-476C-9DF8-7E60ACB40E1D}.Debug|Any CPU.ActiveCfg = Debug|Any CPU
		{AC266A41-1A11-476C-9DF8-7E60ACB40E1D}.Debug|Any CPU.Build.0 = Debug|Any CPU
		{AC266A41-1A11-476C-9DF8-7E60ACB40E1D}.Release|Any CPU.ActiveCfg = Release|Any CPU
		{AC266A41-1A11-476C-9DF8-7E60ACB40E1D}.Release|Any CPU.Build.0 = Release|Any CPU
		{CF668FA1-6FCE-43B9-AF54-32656E3FEF39}.Debug|Any CPU.ActiveCfg = Debug|Any CPU
		{CF668FA1-6FCE-43B9-AF54-32656E3FEF39}.Debug|Any CPU.Build.0 = Debug|Any CPU
		{CF668FA1-6FCE-43B9-AF54-32656E3FEF39}.Release|Any CPU.ActiveCfg = Release|Any CPU
		{CF668FA1-6FCE-43B9-AF54-32656E3FEF39}.Release|Any CPU.Build.0 = Release|Any CPU
		{5BA51566-E3A4-4469-98E0-30127E205B91}.Debug|Any CPU.ActiveCfg = Debug|Any CPU
		{5BA51566-E3A4-4469-98E0-30127E205B91}.Debug|Any CPU.Build.0 = Debug|Any CPU
		{5BA51566-E3A4-4469-98E0-30127E205B91}.Release|Any CPU.ActiveCfg = Release|Any CPU
		{5BA51566-E3A4-4469-98E0-30127E205B91}.Release|Any CPU.Build.0 = Release|Any CPU
	EndGlobalSection
	GlobalSection(SolutionProperties) = preSolution
		HideSolutionNode = FALSE
	EndGlobalSection
	GlobalSection(ExtensibilityGlobals) = postSolution
		SolutionGuid = {43F0117F-5DF8-4CDC-ABD6-8E9903418481}
	EndGlobalSection
EndGlobal
